
Microsoft Visual Studio Solution File, Format Version 11.00
# Visual Studio 2010
Project("{FAE04EC0-301F-11D3-BF4B-00C04F79EFBC}") = "BitbucketSharp.MonoTouch", "BitbucketSharp.MonoTouch.csproj", "{E0EC486D-3341-4B9C-BF4D-146A0BCB8A5A}"
EndProject
Global
	GlobalSection(SolutionConfigurationPlatforms) = preSolution
		Debug|Any CPU = Debug|Any CPU
		Release|Any CPU = Release|Any CPU
	EndGlobalSection
	GlobalSection(ProjectConfigurationPlatforms) = postSolution
		{E0EC486D-3341-4B9C-BF4D-146A0BCB8A5A}.Debug|Any CPU.ActiveCfg = Debug|Any CPU
		{E0EC486D-3341-4B9C-BF4D-146A0BCB8A5A}.Debug|Any CPU.Build.0 = Debug|Any CPU
		{E0EC486D-3341-4B9C-BF4D-146A0BCB8A5A}.Release|Any CPU.ActiveCfg = Release|Any CPU
		{E0EC486D-3341-4B9C-BF4D-146A0BCB8A5A}.Release|Any CPU.Build.0 = Release|Any CPU
	EndGlobalSection
	GlobalSection(MonoDevelopProperties) = preSolution
		StartupItem = BitbucketSharp.MonoTouch.csproj
	EndGlobalSection
EndGlobal
